{
  "projects": [
    {
      "projectId": "r3ASNrnyvLLLAtDvzUioQ",
      "version": "4.8.0",
      "dependencies": {},
      "lang": "ts",
      "fileLocks": [
        {
          "assetId": "r3ASNrnyvLLLAtDvzUioQ",
          "type": "projectCss",
          "checksum": "1c02168c6b23256606111fdfdbb63549"
        }
      ],
      "codegenVersion": "0.0.1"
    },
    {
      "projectId": "eUaJVzKX5KPEdJDEL9nAXX",
      "version": "latest",
      "dependencies": {
        "r3ASNrnyvLLLAtDvzUioQ": "4.8.0"
      },
      "lang": "ts",
      "fileLocks": [
        {
          "type": "globalVariant",
          "assetId": "G-BOHIVJ3D86",
          "checksum": "67816082427c76b266e0715a82671ca9"
        },
        {
          "type": "renderModule",
          "assetId": "vnZ9SM-OL4Rz",
          "checksum": "3a2e29b8cbf01665aaea4b5f0cb1358a"
        },
        {
          "type": "cssRules",
          "assetId": "vnZ9SM-OL4Rz",
          "checksum": "3a2e29b8cbf01665aaea4b5f0cb1358a"
        },
        {
          "type": "renderModule",
          "assetId": "GzKZkU9nFmWI",
          "checksum": "69d8974d7e3433385110cd97911742aa"
        },
        {
          "type": "cssRules",
          "assetId": "GzKZkU9nFmWI",
          "checksum": "69d8974d7e3433385110cd97911742aa"
        },
        {
          "type": "icon",
          "assetId": "0CRxQUyi2z-4",
          "checksum": "a72ff0c0c1f7e8dfc3dafd6717b84c65"
        },
        {
          "type": "icon",
          "assetId": "Jb41rCAQ1rW1",
          "checksum": "165c31e2c932b9557cb9a08209d0141c"
        },
        {
          "type": "icon",
          "assetId": "W8JWn1bkyReA",
          "checksum": "893b0b869b524f83787f440013efa14d"
        },
        {
          "type": "icon",
          "assetId": "lchI6Izvk7Z5",
          "checksum": "62f689fe7b3a82942a71284251e5a01b"
        },
        {
          "type": "icon",
          "assetId": "FbDf8-n55CMH",
          "checksum": "91e8f418ecd43e17a66b61d4fcb420fd"
        },
        {
          "type": "icon",
          "assetId": "8XFjoECPaHT7",
          "checksum": "d120498c2004e35698a3a4dff002a4df"
        },
        {
          "type": "icon",
          "assetId": "yMzQgYFlR0QL",
          "checksum": "5cc6dc3f28c72ada7e7b3e56a45d2c52"
        },
        {
          "type": "icon",
          "assetId": "ejzZcxcGdPFf",
          "checksum": "999184a835962d0f9a12d09a2fbc5ce0"
        },
        {
          "type": "icon",
          "assetId": "UugoyK7lLCZA",
          "checksum": "9c72258a1d6d9a8e7f1674aab41b8dc9"
        },
        {
          "type": "icon",
          "assetId": "BoEKwcktoJgd",
          "checksum": "9ca8b45b37433360dcc7e98179d67627"
        },
        {
          "type": "icon",
          "assetId": "N0GNACeQnF0Q",
          "checksum": "3373d741cb862a139c61ca15b9fcb88a"
        },
        {
          "type": "icon",
          "assetId": "GGZj5u_m270n",
          "checksum": "05fefdfe3fc0b44776a702e93b671080"
        },
        {
          "type": "icon",
          "assetId": "WWCdjXdVtEsi",
          "checksum": "f63f1a2f74ade975080494d6cd214c97"
        },
        {
          "type": "icon",
          "assetId": "CsecWVI0DlJH",
          "checksum": "6e01dcdf962a8d36aa91e8ad01007ece"
        },
        {
          "type": "image",
          "assetId": "SQFpGd3XIGee",
          "checksum": "5f486c4945735bdb7a1b624dc29887dc"
        },
        {
          "type": "image",
          "assetId": "aGHjeW1EglPT",
          "checksum": "cdd0e31397d95ae28eace227d6881158"
        },
        {
          "type": "image",
          "assetId": "kNZuqwmD97vO",
          "checksum": "03be90cb471b98bf3d6667f9a2192137"
        },
        {
          "type": "image",
          "assetId": "FhKta-ZE3qgK",
          "checksum": "c04b3c9f7af9747f991676776f65c144"
        },
        {
          "type": "image",
          "assetId": "Fjx3COr0NBfh",
          "checksum": "a6b73d1c07070e521d8f58ce94c235f1"
        },
        {
          "type": "image",
          "assetId": "O1TYMf_q1WHz",
          "checksum": "30123978741d9880fdd72ac0edb73ae4"
        },
        {
          "type": "image",
          "assetId": "LzuV6fOzpL2C",
          "checksum": "604696844924bd94674651119017ac82"
        },
        {
          "type": "image",
          "assetId": "aQXWtEl2laVY",
          "checksum": "a3ce6d4d053f6bcedadddb92d81d5f92"
        },
        {
          "type": "image",
          "assetId": "4fbUrwBzFEQT",
          "checksum": "8fce092eb93d78bfb6c1300d4f618191"
        },
        {
          "type": "image",
          "assetId": "lSqCK7loS2K9",
          "checksum": "46a37c5ade33a3821b0340e3a17abd53"
        },
        {
          "type": "image",
          "assetId": "qLjRwCJ31Kgh",
          "checksum": "1d38089eb7d6d79ee67b6a7436ff5bd4"
        },
        {
          "type": "image",
          "assetId": "t0ZdjUn7ow2q",
          "checksum": "ae04eb0a4775dfae53c0ce8d60e2e5e0"
        },
        {
          "type": "image",
          "assetId": "V8sovHq79O0k",
          "checksum": "840571410273b55e82aa07606593f626"
        },
        {
          "type": "image",
          "assetId": "8JnRg4O-xAvd",
          "checksum": "a9bb780a5e49935b6c90a5dd9a73eba1"
        },
        {
          "type": "image",
          "assetId": "th1kPLE_o6mi",
          "checksum": "2760a4587e59cd74c2764da7536480b4"
        },
        {
          "type": "image",
          "assetId": "WQIpe26n8quQ",
          "checksum": "af1f7572cf3a18d5b7d608e2b0402883"
        },
        {
          "type": "image",
          "assetId": "iYVEo4opYOSh",
          "checksum": "712720b66bd04cf27f7ea084718fd3b6"
        },
        {
          "type": "image",
          "assetId": "JjmH-p2JuNLb",
          "checksum": "a3c10e36d4bb077c63f91eec5534f887"
        },
        {
          "type": "image",
          "assetId": "CM3VMFlDzi3M",
          "checksum": "7b8e716580a59f848eddaffd0e040e43"
        },
        {
          "type": "image",
          "assetId": "r0G91tCWMR1p",
          "checksum": "05af30ac100d5e604d038ecf9604c14d"
        },
        {
          "type": "image",
          "assetId": "3Ek8EYCr9Fp8",
          "checksum": "bf143589c1224bf84dfe556d6a73b0cb"
        },
        {
          "type": "image",
          "assetId": "lA7htNIIHo5v",
          "checksum": "d31f4d4a7b9934f5518636c15af4407f"
        },
        {
          "type": "image",
          "assetId": "-vctotc6s1un",
          "checksum": "4252328a25a8ad54cb031533fd46de78"
        },
        {
          "type": "image",
          "assetId": "w3aGb98v-N3q",
          "checksum": "e0898964fdc689df2bddbb629d91169e"
        },
        {
          "type": "image",
          "assetId": "VdAyALiNC501",
          "checksum": "d17d0e8fd172d3d577134d0cabbb23b1"
        },
        {
          "type": "image",
          "assetId": "P8E4q5dvvykE",
          "checksum": "bcd2739b3f99a342689d5bb3ef14d5ae"
        },
        {
          "type": "image",
          "assetId": "jPyZD7shXRou",
          "checksum": "0d7ef1f7ef367d5a8e0df5495f815e0c"
        },
        {
          "type": "image",
          "assetId": "gVJ001HG4U5l",
          "checksum": "89f91f07202653060323a97e87b20328"
        },
        {
          "type": "image",
          "assetId": "n759QTLfwpQr",
          "checksum": "2fd451f895ee7b0e66ffc7f443527ecd"
        },
        {
          "type": "image",
          "assetId": "BEp37XfUguDo",
          "checksum": "490a68410b7ba749957fcde298338eea"
        },
        {
          "type": "image",
          "assetId": "fis4iYwcpby8",
          "checksum": "720b5896a71aa0ee071e98ae28f0f19a"
        },
        {
          "type": "image",
          "assetId": "o4u0EnBPO_ja",
          "checksum": "b54f57603dc7f8fb4fb8df429fe1584f"
        },
        {
          "type": "image",
          "assetId": "YzOD_vQTUyoA",
          "checksum": "099b7f944b1ddc213dce13161a0857da"
        },
        {
          "type": "image",
          "assetId": "NlSgChS8uDIG",
          "checksum": "2bc99c8c880c69c49e5e951aa9eaff1e"
        },
        {
          "type": "image",
          "assetId": "78OyG-BgmkcA",
          "checksum": "456c21771b5c59e949eea69ec4c77f14"
        },
        {
          "type": "image",
          "assetId": "M4QQgVvXAZRF",
          "checksum": "74e48d269e6340ad6bcfd998fbb058b8"
        },
        {
          "type": "image",
          "assetId": "G22kN4AEvhIU",
          "checksum": "543dc7e89fcc6b675ab55093407fd3a7"
        },
        {
          "assetId": "eUaJVzKX5KPEdJDEL9nAXX",
          "type": "projectCss",
          "checksum": "0b4203892552873a422a4e44b6710ff7"
        }
      ],
      "codegenVersion": "0.0.1"
    }
  ],
  "cliVersion": "0.1.337"
}
